// !$*UTF8*$!
{
	archiveVersion = 1;
	classes = {
	};
	objectVersion = 50;
	objects = {

/* Begin PBXBuildFile section */
		EA77B23023C1F2380055883A /* AppDelegate.swift in Sources */ = {isa = PBXBuildFile; fileRef = EA77B22F23C1F2380055883A /* AppDelegate.swift */; };
		EA77B23423C1F2380055883A /* ViewController.swift in Sources */ = {isa = PBXBuildFile; fileRef = EA77B23323C1F2380055883A /* ViewController.swift */; };
		EA77B23723C1F2380055883A /* Main.storyboard in Resources */ = {isa = PBXBuildFile; fileRef = EA77B23523C1F2380055883A /* Main.storyboard */; };
		EA77B23923C1F23C0055883A /* Assets.xcassets in Resources */ = {isa = PBXBuildFile; fileRef = EA77B23823C1F23C0055883A /* Assets.xcassets */; };
		EA77B23C23C1F23C0055883A /* LaunchScreen.storyboard in Resources */ = {isa = PBXBuildFile; fileRef = EA77B23A23C1F23C0055883A /* LaunchScreen.storyboard */; };
		EA77B24723C1F23C0055883A /* StructsPresenterTests.swift in Sources */ = {isa = PBXBuildFile; fileRef = EA77B24623C1F23C0055883A /* StructsPresenterTests.swift */; };
		EA77B25223C1F23C0055883A /* StructsPresenterUITests.swift in Sources */ = {isa = PBXBuildFile; fileRef = EA77B25123C1F23C0055883A /* StructsPresenterUITests.swift */; };
		EA77B26123C1F51B0055883A /* Stack.swift in Sources */ = {isa = PBXBuildFile; fileRef = EA77B26023C1F51B0055883A /* Stack.swift */; };
		EA77B26323C1F7770055883A /* Queue.swift in Sources */ = {isa = PBXBuildFile; fileRef = EA77B26223C1F7770055883A /* Queue.swift */; };
		EA77B26523C1FC090055883A /* BinarySearchTree.swift in Sources */ = {isa = PBXBuildFile; fileRef = EA77B26423C1FC090055883A /* BinarySearchTree.swift */; };
/* End PBXBuildFile section */

/* Begin PBXContainerItemProxy section */
		EA77B24323C1F23C0055883A /* PBXContainerItemProxy */ = {
			isa = PBXContainerItemProxy;
			containerPortal = EA77B22423C1F2380055883A /* Project object */;
			proxyType = 1;
			remoteGlobalIDString = EA77B22B23C1F2380055883A;
			remoteInfo = StructsPresenter;
		};
		EA77B24E23C1F23C0055883A /* PBXContainerItemProxy */ = {
			isa = PBXContainerItemProxy;
			containerPortal = EA77B22423C1F2380055883A /* Project object */;
			proxyType = 1;
			remoteGlobalIDString = EA77B22B23C1F2380055883A;
			remoteInfo = StructsPresenter;
		};
/* End PBXContainerItemProxy section */

/* Begin PBXFileReference section */
		EA77B22C23C1F2380055883A /* StructsPresenter.app */ = {isa = PBXFileReference; explicitFileType = wrapper.application; includeInIndex = 0; path = StructsPresenter.app; sourceTree = BUILT_PRODUCTS_DIR; };
		EA77B22F23C1F2380055883A /* AppDelegate.swift */ = {isa = PBXFileReference; lastKnownFileType = sourcecode.swift; path = AppDelegate.swift; sourceTree = "<group>"; };
		EA77B23323C1F2380055883A /* ViewController.swift */ = {isa = PBXFileReference; lastKnownFileType = sourcecode.swift; path = ViewController.swift; sourceTree = "<group>"; };
		EA77B23623C1F2380055883A /* Base */ = {isa = PBXFileReference; lastKnownFileType = file.storyboard; name = Base; path = Base.lproj/Main.storyboard; sourceTree = "<group>"; };
		EA77B23823C1F23C0055883A /* Assets.xcassets */ = {isa = PBXFileReference; lastKnownFileType = folder.assetcatalog; path = Assets.xcassets; sourceTree = "<group>"; };
		EA77B23B23C1F23C0055883A /* Base */ = {isa = PBXFileReference; lastKnownFileType = file.storyboard; name = Base; path = Base.lproj/LaunchScreen.storyboard; sourceTree = "<group>"; };
		EA77B23D23C1F23C0055883A /* Info.plist */ = {isa = PBXFileReference; lastKnownFileType = text.plist.xml; path = Info.plist; sourceTree = "<group>"; };
		EA77B24223C1F23C0055883A /* StructsPresenterTests.xctest */ = {isa = PBXFileReference; explicitFileType = wrapper.cfbundle; includeInIndex = 0; path = StructsPresenterTests.xctest; sourceTree = BUILT_PRODUCTS_DIR; };
		EA77B24623C1F23C0055883A /* StructsPresenterTests.swift */ = {isa = PBXFileReference; lastKnownFileType = sourcecode.swift; path = StructsPresenterTests.swift; sourceTree = "<group>"; };
		EA77B24823C1F23C0055883A /* Info.plist */ = {isa = PBXFileReference; lastKnownFileType = text.plist.xml; path = Info.plist; sourceTree = "<group>"; };
		EA77B24D23C1F23C0055883A /* StructsPresenterUITests.xctest */ = {isa = PBXFileReference; explicitFileType = wrapper.cfbundle; includeInIndex = 0; path = StructsPresenterUITests.xctest; sourceTree = BUILT_PRODUCTS_DIR; };
		EA77B25123C1F23C0055883A /* StructsPresenterUITests.swift */ = {isa = PBXFileReference; lastKnownFileType = sourcecode.swift; path = StructsPresenterUITests.swift; sourceTree = "<group>"; };
		EA77B25323C1F23C0055883A /* Info.plist */ = {isa = PBXFileReference; lastKnownFileType = text.plist.xml; path = Info.plist; sourceTree = "<group>"; };
		EA77B26023C1F51B0055883A /* Stack.swift */ = {isa = PBXFileReference; lastKnownFileType = sourcecode.swift; path = Stack.swift; sourceTree = "<group>"; };
		EA77B26223C1F7770055883A /* Queue.swift */ = {isa = PBXFileReference; lastKnownFileType = sourcecode.swift; path = Queue.swift; sourceTree = "<group>"; };
		EA77B26423C1FC090055883A /* BinarySearchTree.swift */ = {isa = PBXFileReference; lastKnownFileType = sourcecode.swift; path = BinarySearchTree.swift; sourceTree = "<group>"; };
/* End PBXFileReference section */

/* Begin PBXFrameworksBuildPhase section */
		EA77B22923C1F2380055883A /* Frameworks */ = {
			isa = PBXFrameworksBuildPhase;
			buildActionMask = 2147483647;
			files = (
			);
			runOnlyForDeploymentPostprocessing = 0;
		};
		EA77B23F23C1F23C0055883A /* Frameworks */ = {
			isa = PBXFrameworksBuildPhase;
			buildActionMask = 2147483647;
			files = (
			);
			runOnlyForDeploymentPostprocessing = 0;
		};
		EA77B24A23C1F23C0055883A /* Frameworks */ = {
			isa = PBXFrameworksBuildPhase;
			buildActionMask = 2147483647;
			files = (
			);
			runOnlyForDeploymentPostprocessing = 0;
		};
/* End PBXFrameworksBuildPhase section */

/* Begin PBXGroup section */
		EA77B22323C1F2380055883A = {
			isa = PBXGroup;
			children = (
				EA77B22E23C1F2380055883A /* StructsPresenter */,
				EA77B24523C1F23C0055883A /* StructsPresenterTests */,
				EA77B25023C1F23C0055883A /* StructsPresenterUITests */,
				EA77B22D23C1F2380055883A /* Products */,
			);
			sourceTree = "<group>";
		};
		EA77B22D23C1F2380055883A /* Products */ = {
			isa = PBXGroup;
			children = (
				EA77B22C23C1F2380055883A /* StructsPresenter.app */,
				EA77B24223C1F23C0055883A /* StructsPresenterTests.xctest */,
				EA77B24D23C1F23C0055883A /* StructsPresenterUITests.xctest */,
			);
			name = Products;
			sourceTree = "<group>";
		};
		EA77B22E23C1F2380055883A /* StructsPresenter */ = {
			isa = PBXGroup;
			children = (
				EA77B25F23C1F4FD0055883A /* Structs */,
				EA77B22F23C1F2380055883A /* AppDelegate.swift */,
				EA77B23323C1F2380055883A /* ViewController.swift */,
				EA77B23523C1F2380055883A /* Main.storyboard */,
				EA77B23823C1F23C0055883A /* Assets.xcassets */,
				EA77B23A23C1F23C0055883A /* LaunchScreen.storyboard */,
				EA77B23D23C1F23C0055883A /* Info.plist */,
			);
			path = StructsPresenter;
			sourceTree = "<group>";
		};
		EA77B24523C1F23C0055883A /* StructsPresenterTests */ = {
			isa = PBXGroup;
			children = (
				EA77B24623C1F23C0055883A /* StructsPresenterTests.swift */,
				EA77B24823C1F23C0055883A /* Info.plist */,
			);
			path = StructsPresenterTests;
			sourceTree = "<group>";
		};
		EA77B25023C1F23C0055883A /* StructsPresenterUITests */ = {
			isa = PBXGroup;
			children = (
				EA77B25123C1F23C0055883A /* StructsPresenterUITests.swift */,
				EA77B25323C1F23C0055883A /* Info.plist */,
			);
			path = StructsPresenterUITests;
			sourceTree = "<group>";
		};
		EA77B25F23C1F4FD0055883A /* Structs */ = {
			isa = PBXGroup;
			children = (
				EA77B26023C1F51B0055883A /* Stack.swift */,
				EA77B26223C1F7770055883A /* Queue.swift */,
				EA77B26423C1FC090055883A /* BinarySearchTree.swift */,
			);
			path = Structs;
			sourceTree = "<group>";
		};
/* End PBXGroup section */

/* Begin PBXNativeTarget section */
		EA77B22B23C1F2380055883A /* StructsPresenter */ = {
			isa = PBXNativeTarget;
			buildConfigurationList = EA77B25623C1F23C0055883A /* Build configuration list for PBXNativeTarget "StructsPresenter" */;
			buildPhases = (
				EA77B22823C1F2380055883A /* Sources */,
				EA77B22923C1F2380055883A /* Frameworks */,
				EA77B22A23C1F2380055883A /* Resources */,
			);
			buildRules = (
			);
			dependencies = (
			);
			name = StructsPresenter;
			productName = StructsPresenter;
			productReference = EA77B22C23C1F2380055883A /* StructsPresenter.app */;
			productType = "com.apple.product-type.application";
		};
		EA77B24123C1F23C0055883A /* StructsPresenterTests */ = {
			isa = PBXNativeTarget;
			buildConfigurationList = EA77B25923C1F23C0055883A /* Build configuration list for PBXNativeTarget "StructsPresenterTests" */;
			buildPhases = (
				EA77B23E23C1F23C0055883A /* Sources */,
				EA77B23F23C1F23C0055883A /* Frameworks */,
				EA77B24023C1F23C0055883A /* Resources */,
			);
			buildRules = (
			);
			dependencies = (
				EA77B24423C1F23C0055883A /* PBXTargetDependency */,
			);
			name = StructsPresenterTests;
			productName = StructsPresenterTests;
			productReference = EA77B24223C1F23C0055883A /* StructsPresenterTests.xctest */;
			productType = "com.apple.product-type.bundle.unit-test";
		};
		EA77B24C23C1F23C0055883A /* StructsPresenterUITests */ = {
			isa = PBXNativeTarget;
			buildConfigurationList = EA77B25C23C1F23C0055883A /* Build configuration list for PBXNativeTarget "StructsPresenterUITests" */;
			buildPhases = (
				EA77B24923C1F23C0055883A /* Sources */,
				EA77B24A23C1F23C0055883A /* Frameworks */,
				EA77B24B23C1F23C0055883A /* Resources */,
			);
			buildRules = (
			);
			dependencies = (
				EA77B24F23C1F23C0055883A /* PBXTargetDependency */,
			);
			name = StructsPresenterUITests;
			productName = StructsPresenterUITests;
			productReference = EA77B24D23C1F23C0055883A /* StructsPresenterUITests.xctest */;
			productType = "com.apple.product-type.bundle.ui-testing";
		};
/* End PBXNativeTarget section */

/* Begin PBXProject section */
		EA77B22423C1F2380055883A /* Project object */ = {
			isa = PBXProject;
			attributes = {
				LastSwiftUpdateCheck = 1120;
				LastUpgradeCheck = 1120;
				ORGANIZATIONNAME = Tony;
				TargetAttributes = {
					EA77B22B23C1F2380055883A = {
						CreatedOnToolsVersion = 11.2;
					};
					EA77B24123C1F23C0055883A = {
						CreatedOnToolsVersion = 11.2;
						TestTargetID = EA77B22B23C1F2380055883A;
					};
					EA77B24C23C1F23C0055883A = {
						CreatedOnToolsVersion = 11.2;
						TestTargetID = EA77B22B23C1F2380055883A;
					};
				};
			};
			buildConfigurationList = EA77B22723C1F2380055883A /* Build configuration list for PBXProject "StructsPresenter" */;
			compatibilityVersion = "Xcode 9.3";
			developmentRegion = en;
			hasScannedForEncodings = 0;
			knownRegions = (
				en,
				Base,
			);
			mainGroup = EA77B22323C1F2380055883A;
			productRefGroup = EA77B22D23C1F2380055883A /* Products */;
			projectDirPath = "";
			projectRoot = "";
			targets = (
				EA77B22B23C1F2380055883A /* StructsPresenter */,
				EA77B24123C1F23C0055883A /* StructsPresenterTests */,
				EA77B24C23C1F23C0055883A /* StructsPresenterUITests */,
			);
		};
/* End PBXProject section */

/* Begin PBXResourcesBuildPhase section */
		EA77B22A23C1F2380055883A /* Resources */ = {
			isa = PBXResourcesBuildPhase;
			buildActionMask = 2147483647;
			files = (
				EA77B23C23C1F23C0055883A /* LaunchScreen.storyboard in Resources */,
				EA77B23923C1F23C0055883A /* Assets.xcassets in Resources */,
				EA77B23723C1F2380055883A /* Main.storyboard in Resources */,
			);
			runOnlyForDeploymentPostprocessing = 0;
		};
		EA77B24023C1F23C0055883A /* Resources */ = {
			isa = PBXResourcesBuildPhase;
			buildActionMask = 2147483647;
			files = (
			);
			runOnlyForDeploymentPostprocessing = 0;
		};
		EA77B24B23C1F23C0055883A /* Resources */ = {
			isa = PBXResourcesBuildPhase;
			buildActionMask = 2147483647;
			files = (
			);
			runOnlyForDeploymentPostprocessing = 0;
		};
/* End PBXResourcesBuildPhase section */

/* Begin PBXSourcesBuildPhase section */
		EA77B22823C1F2380055883A /* Sources */ = {
			isa = PBXSourcesBuildPhase;
			buildActionMask = 2147483647;
			files = (
				EA77B23423C1F2380055883A /* ViewController.swift in Sources */,
				EA77B26123C1F51B0055883A /* Stack.swift in Sources */,
				EA77B23023C1F2380055883A /* AppDelegate.swift in Sources */,
				EA77B26323C1F7770055883A /* Queue.swift in Sources */,
				EA77B26523C1FC090055883A /* BinarySearchTree.swift in Sources */,
			);
			runOnlyForDeploymentPostprocessing = 0;
		};
		EA77B23E23C1F23C0055883A /* Sources */ = {
			isa = PBXSourcesBuildPhase;
			buildActionMask = 2147483647;
			files = (
				EA77B24723C1F23C0055883A /* StructsPresenterTests.swift in Sources */,
			);
			runOnlyForDeploymentPostprocessing = 0;
		};
		EA77B24923C1F23C0055883A /* Sources */ = {
			isa = PBXSourcesBuildPhase;
			buildActionMask = 2147483647;
			files = (
				EA77B25223C1F23C0055883A /* StructsPresenterUITests.swift in Sources */,
			);
			runOnlyForDeploymentPostprocessing = 0;
		};
/* End PBXSourcesBuildPhase section */

/* Begin PBXTargetDependency section */
		EA77B24423C1F23C0055883A /* PBXTargetDependency */ = {
			isa = PBXTargetDependency;
			target = EA77B22B23C1F2380055883A /* StructsPresenter */;
			targetProxy = EA77B24323C1F23C0055883A /* PBXContainerItemProxy */;
		};
		EA77B24F23C1F23C0055883A /* PBXTargetDependency */ = {
			isa = PBXTargetDependency;
			target = EA77B22B23C1F2380055883A /* StructsPresenter */;
			targetProxy = EA77B24E23C1F23C0055883A /* PBXContainerItemProxy */;
		};
/* End PBXTargetDependency section */

/* Begin PBXVariantGroup section */
		EA77B23523C1F2380055883A /* Main.storyboard */ = {
			isa = PBXVariantGroup;
			children = (
				EA77B23623C1F2380055883A /* Base */,
			);
			name = Main.storyboard;
			sourceTree = "<group>";
		};
		EA77B23A23C1F23C0055883A /* LaunchScreen.storyboard */ = {
			isa = PBXVariantGroup;
			children = (
				EA77B23B23C1F23C0055883A /* Base */,
			);
			name = LaunchScreen.storyboard;
			sourceTree = "<group>";
		};
/* End PBXVariantGroup section */

/* Begin XCBuildConfiguration section */
		EA77B25423C1F23C0055883A /* Debug */ = {
			isa = XCBuildConfiguration;
			buildSettings = {
				ALWAYS_SEARCH_USER_PATHS = NO;
				CLANG_ANALYZER_NONNULL = YES;
				CLANG_ANALYZER_NUMBER_OBJECT_CONVERSION = YES_AGGRESSIVE;
				CLANG_CXX_LANGUAGE_STANDARD = "gnu++14";
				CLANG_CXX_LIBRARY = "libc++";
				CLANG_ENABLE_MODULES = YES;
				CLANG_ENABLE_OBJC_ARC = YES;
				CLANG_ENABLE_OBJC_WEAK = YES;
				CLANG_WARN_BLOCK_CAPTURE_AUTORELEASING = YES;
				CLANG_WARN_BOOL_CONVERSION = YES;
				CLANG_WARN_COMMA = YES;
				CLANG_WARN_CONSTANT_CONVERSION = YES;
				CLANG_WARN_DEPRECATED_OBJC_IMPLEMENTATIONS = YES;
				CLANG_WARN_DIRECT_OBJC_ISA_USAGE = YES_ERROR;
				CLANG_WARN_DOCUMENTATION_COMMENTS = YES;
				CLANG_WARN_EMPTY_BODY = YES;
				CLANG_WARN_ENUM_CONVERSION = YES;
				CLANG_WARN_INFINITE_RECURSION = YES;
				CLANG_WARN_INT_CONVERSION = YES;
				CLANG_WARN_NON_LITERAL_NULL_CONVERSION = YES;
				CLANG_WARN_OBJC_IMPLICIT_RETAIN_SELF = YES;
				CLANG_WARN_OBJC_LITERAL_CONVERSION = YES;
				CLANG_WARN_OBJC_ROOT_CLASS = YES_ERROR;
				CLANG_WARN_RANGE_LOOP_ANALYSIS = YES;
				CLANG_WARN_STRICT_PROTOTYPES = YES;
				CLANG_WARN_SUSPICIOUS_MOVE = YES;
				CLANG_WARN_UNGUARDED_AVAILABILITY = YES_AGGRESSIVE;
				CLANG_WARN_UNREACHABLE_CODE = YES;
				CLANG_WARN__DUPLICATE_METHOD_MATCH = YES;
				COPY_PHASE_STRIP = NO;
				DEBUG_INFORMATION_FORMAT = dwarf;
				ENABLE_STRICT_OBJC_MSGSEND = YES;
				ENABLE_TESTABILITY = YES;
				GCC_C_LANGUAGE_STANDARD = gnu11;
				GCC_DYNAMIC_NO_PIC = NO;
				GCC_NO_COMMON_BLOCKS = YES;
				GCC_OPTIMIZATION_LEVEL = 0;
				GCC_PREPROCESSOR_DEFINITIONS = (
					"DEBUG=1",
					"$(inherited)",
				);
				GCC_WARN_64_TO_32_BIT_CONVERSION = YES;
				GCC_WARN_ABOUT_RETURN_TYPE = YES_ERROR;
				GCC_WARN_UNDECLARED_SELECTOR = YES;
				GCC_WARN_UNINITIALIZED_AUTOS = YES_AGGRESSIVE;
				GCC_WARN_UNUSED_FUNCTION = YES;
				GCC_WARN_UNUSED_VARIABLE = YES;
				IPHONEOS_DEPLOYMENT_TARGET = 13.2;
				MTL_ENABLE_DEBUG_INFO = INCLUDE_SOURCE;
				MTL_FAST_MATH = YES;
				ONLY_ACTIVE_ARCH = YES;
				SDKROOT = iphoneos;
				SWIFT_ACTIVE_COMPILATION_CONDITIONS = DEBUG;
				SWIFT_OPTIMIZATION_LEVEL = "-Onone";
			};
			name = Debug;
		};
		EA77B25523C1F23C0055883A /* Release */ = {
			isa = XCBuildConfiguration;
			buildSettings = {
				ALWAYS_SEARCH_USER_PATHS = NO;
				CLANG_ANALYZER_NONNULL = YES;
				CLANG_ANALYZER_NUMBER_OBJECT_CONVERSION = YES_AGGRESSIVE;
				CLANG_CXX_LANGUAGE_STANDARD = "gnu++14";
				CLANG_CXX_LIBRARY = "libc++";
				CLANG_ENABLE_MODULES = YES;
				CLANG_ENABLE_OBJC_ARC = YES;
				CLANG_ENABLE_OBJC_WEAK = YES;
				CLANG_WARN_BLOCK_CAPTURE_AUTORELEASING = YES;
				CLANG_WARN_BOOL_CONVERSION = YES;
				CLANG_WARN_COMMA = YES;
				CLANG_WARN_CONSTANT_CONVERSION = YES;
				CLANG_WARN_DEPRECATED_OBJC_IMPLEMENTATIONS = YES;
				CLANG_WARN_DIRECT_OBJC_ISA_USAGE = YES_ERROR;
				CLANG_WARN_DOCUMENTATION_COMMENTS = YES;
				CLANG_WARN_EMPTY_BODY = YES;
				CLANG_WARN_ENUM_CONVERSION = YES;
				CLANG_WARN_INFINITE_RECURSION = YES;
				CLANG_WARN_INT_CONVERSION = YES;
				CLANG_WARN_NON_LITERAL_NULL_CONVERSION = YES;
				CLANG_WARN_OBJC_IMPLICIT_RETAIN_SELF = YES;
				CLANG_WARN_OBJC_LITERAL_CONVERSION = YES;
				CLANG_WARN_OBJC_ROOT_CLASS = YES_ERROR;
				CLANG_WARN_RANGE_LOOP_ANALYSIS = YES;
				CLANG_WARN_STRICT_PROTOTYPES = YES;
				CLANG_WARN_SUSPICIOUS_MOVE = YES;
				CLANG_WARN_UNGUARDED_AVAILABILITY = YES_AGGRESSIVE;
				CLANG_WARN_UNREACHABLE_CODE = YES;
				CLANG_WARN__DUPLICATE_METHOD_MATCH = YES;
				COPY_PHASE_STRIP = NO;
				DEBUG_INFORMATION_FORMAT = "dwarf-with-dsym";
				ENABLE_NS_ASSERTIONS = NO;
				ENABLE_STRICT_OBJC_MSGSEND = YES;
				GCC_C_LANGUAGE_STANDARD = gnu11;
				GCC_NO_COMMON_BLOCKS = YES;
				GCC_WARN_64_TO_32_BIT_CONVERSION = YES;
				GCC_WARN_ABOUT_RETURN_TYPE = YES_ERROR;
				GCC_WARN_UNDECLARED_SELECTOR = YES;
				GCC_WARN_UNINITIALIZED_AUTOS = YES_AGGRESSIVE;
				GCC_WARN_UNUSED_FUNCTION = YES;
				GCC_WARN_UNUSED_VARIABLE = YES;
				IPHONEOS_DEPLOYMENT_TARGET = 13.2;
				MTL_ENABLE_DEBUG_INFO = NO;
				MTL_FAST_MATH = YES;
				SDKROOT = iphoneos;
				SWIFT_COMPILATION_MODE = wholemodule;
				SWIFT_OPTIMIZATION_LEVEL = "-O";
				VALIDATE_PRODUCT = YES;
			};
			name = Release;
		};
		EA77B25723C1F23C0055883A /* Debug */ = {
			isa = XCBuildConfiguration;
			buildSettings = {
				ASSETCATALOG_COMPILER_APPICON_NAME = AppIcon;
				CODE_SIGN_STYLE = Automatic;
				DEVELOPMENT_TEAM = 6VA2MCZ893;
				INFOPLIST_FILE = StructsPresenter/Info.plist;
				IPHONEOS_DEPLOYMENT_TARGET = 10.0;
				LD_RUNPATH_SEARCH_PATHS = (
					"$(inherited)",
					"@executable_path/Frameworks",
				);
				PRODUCT_BUNDLE_IDENTIFIER = com.tony.StructsPresenter;
				PRODUCT_NAME = "$(TARGET_NAME)";
				SWIFT_VERSION = 5.0;
				TARGETED_DEVICE_FAMILY = "1,2";
			};
			name = Debug;
		};
		EA77B25823C1F23C0055883A /* Release */ = {
			isa = XCBuildConfiguration;
			buildSettings = {
				ASSETCATALOG_COMPILER_APPICON_NAME = AppIcon;
				CODE_SIGN_STYLE = Automatic;
				DEVELOPMENT_TEAM = 6VA2MCZ893;
				INFOPLIST_FILE = StructsPresenter/Info.plist;
				IPHONEOS_DEPLOYMENT_TARGET = 10.0;
				LD_RUNPATH_SEARCH_PATHS = (
					"$(inherited)",
					"@executable_path/Frameworks",
				);
				PRODUCT_BUNDLE_IDENTIFIER = com.tony.StructsPresenter;
				PRODUCT_NAME = "$(TARGET_NAME)";
				SWIFT_VERSION = 5.0;
				TARGETED_DEVICE_FAMILY = "1,2";
			};
			name = Release;
		};
		EA77B25A23C1F23C0055883A /* Debug */ = {
			isa = XCBuildConfiguration;
			buildSettings = {
				ALWAYS_EMBED_SWIFT_STANDARD_LIBRARIES = YES;
				BUNDLE_LOADER = "$(TEST_HOST)";
				CODE_SIGN_STYLE = Automatic;
				DEVELOPMENT_TEAM = 6VA2MCZ893;
				INFOPLIST_FILE = StructsPresenterTests/Info.plist;
				IPHONEOS_DEPLOYMENT_TARGET = 13.2;
				LD_RUNPATH_SEARCH_PATHS = (
					"$(inherited)",
					"@executable_path/Frameworks",
					"@loader_path/Frameworks",
				);
				PRODUCT_BUNDLE_IDENTIFIER = com.tony.StructsPresenterTests;
				PRODUCT_NAME = "$(TARGET_NAME)";
				SWIFT_VERSION = 5.0;
				TARGETED_DEVICE_FAMILY = "1,2";
				TEST_HOST = "$(BUILT_PRODUCTS_DIR)/StructsPresenter.app/StructsPresenter";
			};
			name = Debug;
		};
		EA77B25B23C1F23C0055883A /* Release */ = {
			isa = XCBuildConfiguration;
			buildSettings = {
				ALWAYS_EMBED_SWIFT_STANDARD_LIBRARIES = YES;
				BUNDLE_LOADER = "$(TEST_HOST)";
				CODE_SIGN_STYLE = Automatic;
				DEVELOPMENT_TEAM = 6VA2MCZ893;
				INFOPLIST_FILE = StructsPresenterTests/Info.plist;
				IPHONEOS_DEPLOYMENT_TARGET = 13.2;
				LD_RUNPATH_SEARCH_PATHS = (
					"$(inherited)",
					"@executable_path/Frameworks",
					"@loader_path/Frameworks",
				);
				PRODUCT_BUNDLE_IDENTIFIER = com.tony.StructsPresenterTests;
				PRODUCT_NAME = "$(TARGET_NAME)";
				SWIFT_VERSION = 5.0;
				TARGETED_DEVICE_FAMILY = "1,2";
				TEST_HOST = "$(BUILT_PRODUCTS_DIR)/StructsPresenter.app/StructsPresenter";
			};
			name = Release;
		};
		EA77B25D23C1F23C0055883A /* Debug */ = {
			isa = XCBuildConfiguration;
			buildSettings = {
				ALWAYS_EMBED_SWIFT_STANDARD_LIBRARIES = YES;
				CODE_SIGN_STYLE = Automatic;
				DEVELOPMENT_TEAM = 6VA2MCZ893;
				INFOPLIST_FILE = StructsPresenterUITests/Info.plist;
				LD_RUNPATH_SEARCH_PATHS = (
					"$(inherited)",
					"@executable_path/Frameworks",
					"@loader_path/Frameworks",
				);
				PRODUCT_BUNDLE_IDENTIFIER = com.tony.StructsPresenterUITests;
				PRODUCT_NAME = "$(TARGET_NAME)";
				SWIFT_VERSION = 5.0;
				TARGETED_DEVICE_FAMILY = "1,2";
				TEST_TARGET_NAME = StructsPresenter;
			};
			name = Debug;
		};
		EA77B25E23C1F23C0055883A /* Release */ = {
			isa = XCBuildConfiguration;
			buildSettings = {
				ALWAYS_EMBED_SWIFT_STANDARD_LIBRARIES = YES;
				CODE_SIGN_STYLE = Automatic;
				DEVELOPMENT_TEAM = 6VA2MCZ893;
				INFOPLIST_FILE = StructsPresenterUITests/Info.plist;
				LD_RUNPATH_SEARCH_PATHS = (
					"$(inherited)",
					"@executable_path/Frameworks",
					"@loader_path/Frameworks",
				);
				PRODUCT_BUNDLE_IDENTIFIER = com.tony.StructsPresenterUITests;
				PRODUCT_NAME = "$(TARGET_NAME)";
				SWIFT_VERSION = 5.0;
				TARGETED_DEVICE_FAMILY = "1,2";
				TEST_TARGET_NAME = StructsPresenter;
			};
			name = Release;
		};
/* End XCBuildConfiguration section */

/* Begin XCConfigurationList section */
		EA77B22723C1F2380055883A /* Build configuration list for PBXProject "StructsPresenter" */ = {
			isa = XCConfigurationList;
			buildConfigurations = (
				EA77B25423C1F23C0055883A /* Debug */,
				EA77B25523C1F23C0055883A /* Release */,
			);
			defaultConfigurationIsVisible = 0;
			defaultConfigurationName = Release;
		};
		EA77B25623C1F23C0055883A /* Build configuration list for PBXNativeTarget "StructsPresenter" */ = {
			isa = XCConfigurationList;
			buildConfigurations = (
				EA77B25723C1F23C0055883A /* Debug */,
				EA77B25823C1F23C0055883A /* Release */,
			);
			defaultConfigurationIsVisible = 0;
			defaultConfigurationName = Release;
		};
		EA77B25923C1F23C0055883A /* Build configuration list for PBXNativeTarget "StructsPresenterTests" */ = {
			isa = XCConfigurationList;
			buildConfigurations = (
				EA77B25A23C1F23C0055883A /* Debug */,
				EA77B25B23C1F23C0055883A /* Release */,
			);
			defaultConfigurationIsVisible = 0;
			defaultConfigurationName = Release;
		};
		EA77B25C23C1F23C0055883A /* Build configuration list for PBXNativeTarget "StructsPresenterUITests" */ = {
			isa = XCConfigurationList;
			buildConfigurations = (
				EA77B25D23C1F23C0055883A /* Debug */,
				EA77B25E23C1F23C0055883A /* Release */,
			);
			defaultConfigurationIsVisible = 0;
			defaultConfigurationName = Release;
		};
/* End XCConfigurationList section */
	};
	rootObject = EA77B22423C1F2380055883A /* Project object */;
}
